
Microsoft Visual Studio Solution File, Format Version 12.00
# Visual Studio Version 16
VisualStudioVersion = 16.0.30804.86
MinimumVisualStudioVersion = 10.0.40219.1
Project("{FAE04EC0-301F-11D3-BF4B-00C04F79EFBC}") = "IndianStateCensusData_CSharp", "IndianStateCensusData_CSharp\IndianStateCensusData_CSharp.csproj", "{1B0C7E6A-115B-41C2-B98C-024DB70A3354}"
EndProject
Project("{FAE04EC0-301F-11D3-BF4B-00C04F79EFBC}") = "CensusAnalyserTest", "CensusAnalyserTest\CensusAnalyserTest.csproj", "{EB7EA7B3-9984-4B82-B3CB-F6FF8FD194F9}"
EndProject
Global
	GlobalSection(SolutionConfigurationPlatforms) = preSolution
		Debug|Any CPU = Debug|Any CPU
		Release|Any CPU = Release|Any CPU
	EndGlobalSection
	GlobalSection(ProjectConfigurationPlatforms) = postSolution
		{1B0C7E6A-115B-41C2-B98C-024DB70A3354}.Debug|Any CPU.ActiveCfg = Debug|Any CPU
		{1B0C7E6A-115B-41C2-B98C-024DB70A3354}.Debug|Any CPU.Build.0 = Debug|Any CPU
		{1B0C7E6A-115B-41C2-B98C-024DB70A3354}.Release|Any CPU.ActiveCfg = Release|Any CPU
		{1B0C7E6A-115B-41C2-B98C-024DB70A3354}.Release|Any CPU.Build.0 = Release|Any CPU
		{EB7EA7B3-9984-4B82-B3CB-F6FF8FD194F9}.Debug|Any CPU.ActiveCfg = Debug|Any CPU
		{EB7EA7B3-9984-4B82-B3CB-F6FF8FD194F9}.Debug|Any CPU.Build.0 = Debug|Any CPU
		{EB7EA7B3-9984-4B82-B3CB-F6FF8FD194F9}.Release|Any CPU.ActiveCfg = Release|Any CPU
		{EB7EA7B3-9984-4B82-B3CB-F6FF8FD194F9}.Release|Any CPU.Build.0 = Release|Any CPU
	EndGlobalSection
	GlobalSection(SolutionProperties) = preSolution
		HideSolutionNode = FALSE
	EndGlobalSection
	GlobalSection(ExtensibilityGlobals) = postSolution
		SolutionGuid = {3542D56D-5291-4003-A501-410FE78D5A2E}
	EndGlobalSection
EndGlobal
